
Microsoft Visual Studio Solution File, Format Version 12.00
# Visual Studio Version 16
VisualStudioVersion = 16.0.28922.388
MinimumVisualStudioVersion = 10.0.40219.1
Project("{8BC9CEB8-8B4A-11D0-8D11-00A0C91BC942}") = "2015-01", "2015-01\2015-01.vcxproj", "{BC517BC9-4014-40EE-ADE5-0F73C00A164B}"
EndProject
Project("{8BC9CEB8-8B4A-11D0-8D11-00A0C91BC942}") = "2015-02", "2015-02\2015-02.vcxproj", "{3E5CC809-5A9F-4636-9329-2E66561AA991}"
EndProject
Project("{8BC9CEB8-8B4A-11D0-8D11-00A0C91BC942}") = "2015-03", "2015-03\2015-03.vcxproj", "{613752EB-4218-4A1C-A47A-C9FC5A135DED}"
EndProject
Project("{8BC9CEB8-8B4A-11D0-8D11-00A0C91BC942}") = "2016-01", "2016-01\2016-01.vcxproj", "{9A4934B4-1367-46B1-BB02-28BCB8256AD0}"
EndProject
Project("{8BC9CEB8-8B4A-11D0-8D11-00A0C91BC942}") = "2016-02", "2016-02\2016-02.vcxproj", "{7D258D81-B0A3-418F-9CC6-6B32932D1C32}"
EndProject
Project("{8BC9CEB8-8B4A-11D0-8D11-00A0C91BC942}") = "2016-03", "2016-03\2016-03.vcxproj", "{68CBDF05-A914-4799-ACAE-88CF8CDB274B}"
EndProject
Project("{8BC9CEB8-8B4A-11D0-8D11-00A0C91BC942}") = "2017-01", "2017-01\2017-01.vcxproj", "{FF66A902-6D2B-4D99-94E7-CF5EEE9D3DA0}"
EndProject
Project("{8BC9CEB8-8B4A-11D0-8D11-00A0C91BC942}") = "2017-02", "2017-02\2017-02.vcxproj", "{A4F19B5C-4783-4B23-9D07-454C7235B3D2}"
EndProject
Project("{8BC9CEB8-8B4A-11D0-8D11-00A0C91BC942}") = "2018-01", "2018-01\2018-01.vcxproj", "{8DBDF4B9-DDFB-4F55-8D2A-86CDAF782B40}"
EndProject
Project("{8BC9CEB8-8B4A-11D0-8D11-00A0C91BC942}") = "2018-02", "2018-02\2018-02.vcxproj", "{D14B2B06-D8B0-4056-9BB7-7A965B4389AA}"
EndProject
Project("{8BC9CEB8-8B4A-11D0-8D11-00A0C91BC942}") = "2018-03", "2018-03\2018-03.vcxproj", "{98A13533-5F04-47E5-996D-0AD2A019A23D}"
EndProject
Project("{8BC9CEB8-8B4A-11D0-8D11-00A0C91BC942}") = "2018-04", "2018-04\2018-04.vcxproj", "{06176DEB-C34E-48A7-B68A-05E23BD7A28A}"
EndProject
Project("{8BC9CEB8-8B4A-11D0-8D11-00A0C91BC942}") = "2019-01", "2019-01\2019-01.vcxproj", "{5C8D1146-7B8D-429C-B03A-3456A98C3222}"
EndProject
Project("{8BC9CEB8-8B4A-11D0-8D11-00A0C91BC942}") = "2019-02", "2019-02\2019-02.vcxproj", "{346FFC1D-7038-4375-A3AB-9B632D1A64D6}"
EndProject
Global
	GlobalSection(SolutionConfigurationPlatforms) = preSolution
		Debug|x64 = Debug|x64
		Debug|x86 = Debug|x86
		Release|x64 = Release|x64
		Release|x86 = Release|x86
	EndGlobalSection
	GlobalSection(ProjectConfigurationPlatforms) = postSolution
		{BC517BC9-4014-40EE-ADE5-0F73C00A164B}.Debug|x64.ActiveCfg = Debug|x64
		{BC517BC9-4014-40EE-ADE5-0F73C00A164B}.Debug|x64.Build.0 = Debug|x64
		{BC517BC9-4014-40EE-ADE5-0F73C00A164B}.Debug|x86.ActiveCfg = Debug|Win32
		{BC517BC9-4014-40EE-ADE5-0F73C00A164B}.Debug|x86.Build.0 = Debug|Win32
		{BC517BC9-4014-40EE-ADE5-0F73C00A164B}.Release|x64.ActiveCfg = Release|x64
		{BC517BC9-4014-40EE-ADE5-0F73C00A164B}.Release|x64.Build.0 = Release|x64
		{BC517BC9-4014-40EE-ADE5-0F73C00A164B}.Release|x86.ActiveCfg = Release|Win32
		{BC517BC9-4014-40EE-ADE5-0F73C00A164B}.Release|x86.Build.0 = Release|Win32
		{3E5CC809-5A9F-4636-9329-2E66561AA991}.Debug|x64.ActiveCfg = Debug|x64
		{3E5CC809-5A9F-4636-9329-2E66561AA991}.Debug|x64.Build.0 = Debug|x64
		{3E5CC809-5A9F-4636-9329-2E66561AA991}.Debug|x86.ActiveCfg = Debug|Win32
		{3E5CC809-5A9F-4636-9329-2E66561AA991}.Debug|x86.Build.0 = Debug|Win32
		{3E5CC809-5A9F-4636-9329-2E66561AA991}.Release|x64.ActiveCfg = Release|x64
		{3E5CC809-5A9F-4636-9329-2E66561AA991}.Release|x64.Build.0 = Release|x64
		{3E5CC809-5A9F-4636-9329-2E66561AA991}.Release|x86.ActiveCfg = Release|Win32
		{3E5CC809-5A9F-4636-9329-2E66561AA991}.Release|x86.Build.0 = Release|Win32
		{613752EB-4218-4A1C-A47A-C9FC5A135DED}.Debug|x64.ActiveCfg = Debug|x64
		{613752EB-4218-4A1C-A47A-C9FC5A135DED}.Debug|x64.Build.0 = Debug|x64
		{613752EB-4218-4A1C-A47A-C9FC5A135DED}.Debug|x86.ActiveCfg = Debug|Win32
		{613752EB-4218-4A1C-A47A-C9FC5A135DED}.Debug|x86.Build.0 = Debug|Win32
		{613752EB-4218-4A1C-A47A-C9FC5A135DED}.Release|x64.ActiveCfg = Release|x64
		{613752EB-4218-4A1C-A47A-C9FC5A135DED}.Release|x64.Build.0 = Release|x64
		{613752EB-4218-4A1C-A47A-C9FC5A135DED}.Release|x86.ActiveCfg = Release|Win32
		{613752EB-4218-4A1C-A47A-C9FC5A135DED}.Release|x86.Build.0 = Release|Win32
		{9A4934B4-1367-46B1-BB02-28BCB8256AD0}.Debug|x64.ActiveCfg = Debug|x64
		{9A4934B4-1367-46B1-BB02-28BCB8256AD0}.Debug|x64.Build.0 = Debug|x64
		{9A4934B4-1367-46B1-BB02-28BCB8256AD0}.Debug|x86.ActiveCfg = Debug|Win32
		{9A4934B4-1367-46B1-BB02-28BCB8256AD0}.Debug|x86.Build.0 = Debug|Win32
		{9A4934B4-1367-46B1-BB02-28BCB8256AD0}.Release|x64.ActiveCfg = Release|x64
		{9A4934B4-1367-46B1-BB02-28BCB8256AD0}.Release|x64.Build.0 = Release|x64
		{9A4934B4-1367-46B1-BB02-28BCB8256AD0}.Release|x86.ActiveCfg = Release|Win32
		{9A4934B4-1367-46B1-BB02-28BCB8256AD0}.Release|x86.Build.0 = Release|Win32
		{7D258D81-B0A3-418F-9CC6-6B32932D1C32}.Debug|x64.ActiveCfg = Debug|x64
		{7D258D81-B0A3-418F-9CC6-6B32932D1C32}.Debug|x64.Build.0 = Debug|x64
		{7D258D81-B0A3-418F-9CC6-6B32932D1C32}.Debug|x86.ActiveCfg = Debug|Win32
		{7D258D81-B0A3-418F-9CC6-6B32932D1C32}.Debug|x86.Build.0 = Debug|Win32
		{7D258D81-B0A3-418F-9CC6-6B32932D1C32}.Release|x64.ActiveCfg = Release|x64
		{7D258D81-B0A3-418F-9CC6-6B32932D1C32}.Release|x64.Build.0 = Release|x64
		{7D258D81-B0A3-418F-9CC6-6B32932D1C32}.Release|x86.ActiveCfg = Release|Win32
		{7D258D81-B0A3-418F-9CC6-6B32932D1C32}.Release|x86.Build.0 = Release|Win32
		{68CBDF05-A914-4799-ACAE-88CF8CDB274B}.Debug|x64.ActiveCfg = Debug|x64
		{68CBDF05-A914-4799-ACAE-88CF8CDB274B}.Debug|x64.Build.0 = Debug|x64
		{68CBDF05-A914-4799-ACAE-88CF8CDB274B}.Debug|x86.ActiveCfg = Debug|Win32
		{68CBDF05-A914-4799-ACAE-88CF8CDB274B}.Debug|x86.Build.0 = Debug|Win32
		{68CBDF05-A914-4799-ACAE-88CF8CDB274B}.Release|x64.ActiveCfg = Release|x64
		{68CBDF05-A914-4799-ACAE-88CF8CDB274B}.Release|x64.Build.0 = Release|x64
		{68CBDF05-A914-4799-ACAE-88CF8CDB274B}.Release|x86.ActiveCfg = Release|Win32
		{68CBDF05-A914-4799-ACAE-88CF8CDB274B}.Release|x86.Build.0 = Release|Win32
		{FF66A902-6D2B-4D99-94E7-CF5EEE9D3DA0}.Debug|x64.ActiveCfg = Debug|x64
		{FF66A902-6D2B-4D99-94E7-CF5EEE9D3DA0}.Debug|x64.Build.0 = Debug|x64
		{FF66A902-6D2B-4D99-94E7-CF5EEE9D3DA0}.Debug|x86.ActiveCfg = Debug|Win32
		{FF66A902-6D2B-4D99-94E7-CF5EEE9D3DA0}.Debug|x86.Build.0 = Debug|Win32
		{FF66A902-6D2B-4D99-94E7-CF5EEE9D3DA0}.Release|x64.ActiveCfg = Release|x64
		{FF66A902-6D2B-4D99-94E7-CF5EEE9D3DA0}.Release|x64.Build.0 = Release|x64
		{FF66A902-6D2B-4D99-94E7-CF5EEE9D3DA0}.Release|x86.ActiveCfg = Release|Win32
		{FF66A902-6D2B-4D99-94E7-CF5EEE9D3DA0}.Release|x86.Build.0 = Release|Win32
		{A4F19B5C-4783-4B23-9D07-454C7235B3D2}.Debug|x64.ActiveCfg = Debug|x64
		{A4F19B5C-4783-4B23-9D07-454C7235B3D2}.Debug|x64.Build.0 = Debug|x64
		{A4F19B5C-4783-4B23-9D07-454C7235B3D2}.Debug|x86.ActiveCfg = Debug|Win32
		{A4F19B5C-4783-4B23-9D07-454C7235B3D2}.Debug|x86.Build.0 = Debug|Win32
		{A4F19B5C-4783-4B23-9D07-454C7235B3D2}.Release|x64.ActiveCfg = Release|x64
		{A4F19B5C-4783-4B23-9D07-454C7235B3D2}.Release|x64.Build.0 = Release|x64
		{A4F19B5C-4783-4B23-9D07-454C7235B3D2}.Release|x86.ActiveCfg = Release|Win32
		{A4F19B5C-4783-4B23-9D07-454C7235B3D2}.Release|x86.Build.0 = Release|Win32
		{8DBDF4B9-DDFB-4F55-8D2A-86CDAF782B40}.Debug|x64.ActiveCfg = Debug|x64
		{8DBDF4B9-DDFB-4F55-8D2A-86CDAF782B40}.Debug|x64.Build.0 = Debug|x64
		{8DBDF4B9-DDFB-4F55-8D2A-86CDAF782B40}.Debug|x86.ActiveCfg = Debug|Win32
		{8DBDF4B9-DDFB-4F55-8D2A-86CDAF782B40}.Debug|x86.Build.0 = Debug|Win32
		{8DBDF4B9-DDFB-4F55-8D2A-86CDAF782B40}.Release|x64.ActiveCfg = Release|x64
		{8DBDF4B9-DDFB-4F55-8D2A-86CDAF782B40}.Release|x64.Build.0 = Release|x64
		{8DBDF4B9-DDFB-4F55-8D2A-86CDAF782B40}.Release|x86.ActiveCfg = Release|Win32
		{8DBDF4B9-DDFB-4F55-8D2A-86CDAF782B40}.Release|x86.Build.0 = Release|Win32
		{D14B2B06-D8B0-4056-9BB7-7A965B4389AA}.Debug|x64.ActiveCfg = Debug|x64
		{D14B2B06-D8B0-4056-9BB7-7A965B4389AA}.Debug|x64.Build.0 = Debug|x64
		{D14B2B06-D8B0-4056-9BB7-7A965B4389AA}.Debug|x86.ActiveCfg = Debug|Win32
		{D14B2B06-D8B0-4056-9BB7-7A965B4389AA}.Debug|x86.Build.0 = Debug|Win32
		{D14B2B06-D8B0-4056-9BB7-7A965B4389AA}.Release|x64.ActiveCfg = Release|x64
		{D14B2B06-D8B0-4056-9BB7-7A965B4389AA}.Release|x64.Build.0 = Release|x64
		{D14B2B06-D8B0-4056-9BB7-7A965B4389AA}.Release|x86.ActiveCfg = Release|Win32
		{D14B2B06-D8B0-4056-9BB7-7A965B4389AA}.Release|x86.Build.0 = Release|Win32
		{98A13533-5F04-47E5-996D-0AD2A019A23D}.Debug|x64.ActiveCfg = Debug|x64
		{98A13533-5F04-47E5-996D-0AD2A019A23D}.Debug|x64.Build.0 = Debug|x64
		{98A13533-5F04-47E5-996D-0AD2A019A23D}.Debug|x86.ActiveCfg = Debug|Win32
		{98A13533-5F04-47E5-996D-0AD2A019A23D}.Debug|x86.Build.0 = Debug|Win32
		{98A13533-5F04-47E5-996D-0AD2A019A23D}.Release|x64.ActiveCfg = Release|x64
		{98A13533-5F04-47E5-996D-0AD2A019A23D}.Release|x64.Build.0 = Release|x64
		{98A13533-5F04-47E5-996D-0AD2A019A23D}.Release|x86.ActiveCfg = Release|Win32
		{98A13533-5F04-47E5-996D-0AD2A019A23D}.Release|x86.Build.0 = Release|Win32
		{06176DEB-C34E-48A7-B68A-05E23BD7A28A}.Debug|x64.ActiveCfg = Debug|x64
		{06176DEB-C34E-48A7-B68A-05E23BD7A28A}.Debug|x64.Build.0 = Debug|x64
		{06176DEB-C34E-48A7-B68A-05E23BD7A28A}.Debug|x86.ActiveCfg = Debug|Win32
		{06176DEB-C34E-48A7-B68A-05E23BD7A28A}.Debug|x86.Build.0 = Debug|Win32
		{06176DEB-C34E-48A7-B68A-05E23BD7A28A}.Release|x64.ActiveCfg = Release|x64
		{06176DEB-C34E-48A7-B68A-05E23BD7A28A}.Release|x64.Build.0 = Release|x64
		{06176DEB-C34E-48A7-B68A-05E23BD7A28A}.Release|x86.ActiveCfg = Release|Win32
		{06176DEB-C34E-48A7-B68A-05E23BD7A28A}.Release|x86.Build.0 = Release|Win32
		{5C8D1146-7B8D-429C-B03A-3456A98C3222}.Debug|x64.ActiveCfg = Debug|x64
		{5C8D1146-7B8D-429C-B03A-3456A98C3222}.Debug|x64.Build.0 = Debug|x64
		{5C8D1146-7B8D-429C-B03A-3456A98C3222}.Debug|x86.ActiveCfg = Debug|Win32
		{5C8D1146-7B8D-429C-B03A-3456A98C3222}.Debug|x86.Build.0 = Debug|Win32
		{5C8D1146-7B8D-429C-B03A-3456A98C3222}.Release|x64.ActiveCfg = Release|x64
		{5C8D1146-7B8D-429C-B03A-3456A98C3222}.Release|x64.Build.0 = Release|x64
		{5C8D1146-7B8D-429C-B03A-3456A98C3222}.Release|x86.ActiveCfg = Release|Win32
		{5C8D1146-7B8D-429C-B03A-3456A98C3222}.Release|x86.Build.0 = Release|Win32
		{346FFC1D-7038-4375-A3AB-9B632D1A64D6}.Debug|x64.ActiveCfg = Debug|x64
		{346FFC1D-7038-4375-A3AB-9B632D1A64D6}.Debug|x64.Build.0 = Debug|x64
		{346FFC1D-7038-4375-A3AB-9B632D1A64D6}.Debug|x86.ActiveCfg = Debug|Win32
		{346FFC1D-7038-4375-A3AB-9B632D1A64D6}.Debug|x86.Build.0 = Debug|Win32
		{346FFC1D-7038-4375-A3AB-9B632D1A64D6}.Release|x64.ActiveCfg = Release|x64
		{346FFC1D-7038-4375-A3AB-9B632D1A64D6}.Release|x64.Build.0 = Release|x64
		{346FFC1D-7038-4375-A3AB-9B632D1A64D6}.Release|x86.ActiveCfg = Release|Win32
		{346FFC1D-7038-4375-A3AB-9B632D1A64D6}.Release|x86.Build.0 = Release|Win32
	EndGlobalSection
	GlobalSection(SolutionProperties) = preSolution
		HideSolutionNode = FALSE
	EndGlobalSection
	GlobalSection(ExtensibilityGlobals) = postSolution
		SolutionGuid = {74AA1180-4B49-4D64-AB28-ECCE9C6D6A59}
	EndGlobalSection
EndGlobal
